
Microsoft Visual Studio Solution File, Format Version 12.00
# Visual Studio Version 16
VisualStudioVersion = 25.0.1703.0
MinimumVisualStudioVersion = 10.0.40219.1
Project("{FAE04EC0-301F-11D3-BF4B-00C04F79EFBC}") = "MyDatabase", "MyDatabase\MyDatabase.csproj", "{FB438A2E-25F3-45D2-8E3E-89B0B9B15210}"
EndProject
Global
	GlobalSection(SolutionConfigurationPlatforms) = preSolution
		Debug|Any CPU = Debug|Any CPU
		Release|Any CPU = Release|Any CPU
	EndGlobalSection
	GlobalSection(ProjectConfigurationPlatforms) = postSolution
		{FB438A2E-25F3-45D2-8E3E-89B0B9B15210}.Debug|Any CPU.ActiveCfg = Debug|Any CPU
		{FB438A2E-25F3-45D2-8E3E-89B0B9B15210}.Debug|Any CPU.Build.0 = Debug|Any CPU
		{FB438A2E-25F3-45D2-8E3E-89B0B9B15210}.Release|Any CPU.ActiveCfg = Release|Any CPU
		{FB438A2E-25F3-45D2-8E3E-89B0B9B15210}.Release|Any CPU.Build.0 = Release|Any CPU
	EndGlobalSection
	GlobalSection(SolutionProperties) = preSolution
		HideSolutionNode = FALSE
	EndGlobalSection
	GlobalSection(ExtensibilityGlobals) = postSolution
		SolutionGuid = {DC1E7339-FC24-42FD-B187-5FA771071098}
	EndGlobalSection
EndGlobal
